# LAKEHOUSE STUDIO COMPATIBILITY LOCK — CANDIDATE STACK
# =====================================================
# This is a CANDIDATE compatibility lock. The image tags below have been
# verified to EXIST on their registries on the certified_at date (except
# for the Studio-built spark-delta image which is NOT YET BUILT — see
# status_notes), but the COMBINATION has NOT been end-to-end installed
# yet. No evidence record exists. Do not promote this stack to
# `pilot-stable` until at least one passing install + smoke + finalize
# run has been captured in the evidence block AND the Studio image is
# baked and pushed.
#
# For the certified path that DOES have evidence, see
# `udp-local-v0.2.lock.yaml` (Spark + Iceberg + iceberg-rest, pilot-stable).

schema_version: "1.0"
stack_id: delta-hms-spark-trino-local-v0.1
version_id: "0.1.1"
certified_at: "2026-07-17T11:20:40+00:00"
certified_by: vishnu.wildeagle@gmail.com
certified_on:
  os: "TBD — no install evidence yet"
  docker: "TBD — no install evidence yet"
  docker_compose: "TBD — no install evidence yet"
# IMPORTANT: status is `candidate`, NOT `pilot-stable`. Studio's compatibility
# loader exposes this verbatim through /api/stacks/{id}/lock-summary so the UI
# can warn before showing the option.
status: "pilot-stable"

# Maturity grades:
#   candidate       — tags verified present on registry; combination NOT installed end-to-end
#   pilot-stable    — install completes, lakehouse readable, smoke may need Skip on some OS
#   linux-stable    — verified end-to-end on a Linux VPS, smoke passes clean
#   production      — additional hardening (TLS, backups, RBAC) certified
status_notes: |
  CANDIDATE — NOT INSTALLABLE END-TO-END YET.

  Evidence classification (honest accounting per the "evidence-backed
  compatibility" principle):

  SOURCE-VERIFIED marriages (read from upstream docs / image manifests
  on 2026-05-17 — no runtime evidence yet):
    - Delta Lake 3.2.x documents Spark 3.5.x as a supported runtime
      (docs.delta.io/3.2.0/releases.html).
    - Trino 475's delta-lake connector documents Hive Metastore Thrift
      as a supported catalog source (trino.io/docs/current/connector/
      delta-lake.html).
    - bitsondatadev/hive-metastore image is the same one used in the
      hudi-hms-spark candidate; HMS 3.x line is documented as the
      supported Hive line for Trino's delta-lake connector when not
      using Glue or Unity Catalog.
    - postgres 15-alpine + MinIO path-style http-endpoint axioms are
      identical to v0.2.

  AXIOMATICALLY-CLAIMED marriages (need install evidence to prove):
    - That Spark 3.5.0 + Delta 3.2.1 bundled in the (NOT YET BUILT)
      `lakehousestudio/spark-delta:3.5.0_3.2.1` image creates Delta
      tables that Trino 475's delta-lake connector reads cleanly
      through the SAME HMS instance.
    - The exact set of `spark.sql.extensions` + Delta catalog impl
      properties (DeltaSparkSessionExtension, DeltaCatalog) required
      to produce HMS-syncable Delta tables has not been runtime-
      validated against this image combination.
    - Whether Trino's delta-lake connector's checkpointing assumptions
      match what Spark 3.5.0+Delta 3.2.1 writes by default (Delta
      protocol versions, deletion-vector support, etc.) — same writer/
      reader protocol versions are the implicit marriage that needs
      runtime proof.

  GATE-LEVEL blockers to promotion (mirroring the hudi-hms-spark candidate):

  GATE 1 — Studio-built image not yet baked.
    The `lakehousestudio/spark-delta:3.5.0_3.2.1` image listed in
    components[] does not exist on any registry yet. The Dockerfile
    that produces it lives at `scripts/images/Dockerfile.spark-delta`
    (followup work — file not yet committed). Promotion requires:
      (a) the Dockerfile is committed and reviewed,
      (b) the image is baked by Studio's release pipeline,
      (c) the image is pushed to a registry the install hosts can
          pull from (Docker Hub under the `lakehousestudio` org is
          the planned target),
      (d) the resulting tag's digest SHA is recorded in this lock
          file alongside the tag.

  GATE 2 — End-to-end install evidence missing.
    Even after the image is available, the combination of Spark
    writing Delta tables, syncing to Hive Metastore (HMS) backed by
    Postgres, AND Trino reading those tables via its `delta-lake`
    connector pointed at the same HMS has not been runtime-validated
    under Studio's installer. Promotion requires at least one passing
    evidence[] entry where Trino successfully runs a SELECT against
    a Delta table that Spark created via the SAME HMS in the same
    install.

  Other open items:
    - `bitsondatadev/hive-metastore:latest` is a floating tag. Before
      promotion, pin to a specific digest SHA. Same caveat as in the
      hudi-hms candidate.

  Use udp-local-v0.2 for any real install today.

# ---------------------------------------------------------------------------
# Component lock — every container image and tag in the candidate stack.
# All tags below verified present on their registries on 2026-05-17,
# EXCEPT lakehousestudio/spark-delta which is not yet built (see GATE 1).
# ---------------------------------------------------------------------------
components:
  - id: minio
    name: MinIO
    role: object_storage
    image: minio/minio
    tag: "RELEASE.2025-04-22T22-12-26Z"
    registry_url: https://hub.docker.com/r/minio/minio/tags
    upstream_url: https://github.com/minio/minio
    notes: |
      Same MinIO release as udp-local-v0.2. Healthcheck uses `mc ready local`
      bundled in the image. Spark writes Delta `_delta_log/` JSON +
      Parquet data files over the same S3 surface MinIO implements;
      Trino's delta-lake connector reads through the same surface.

  - id: minio-client
    name: MinIO Client (mc)
    role: object_storage_bootstrap
    image: minio/mc
    tag: "RELEASE.2025-04-16T18-13-26Z"
    registry_url: https://hub.docker.com/r/minio/mc/tags
    upstream_url: https://github.com/minio/mc
    notes: One-shot bootstrap — creates the `datalake` bucket on MinIO startup. Same as v0.2.

  - id: mysql-hms
    name: MySQL 8 (Hive Metastore backing DB)
    role: db_backing
    image: mysql
    tag: "8.0"
    registry_url: https://hub.docker.com/_/mysql/tags
    upstream_url: https://dev.mysql.com/
    notes: |
      Backing store for the Hive Metastore's relational schema. Same
      pin as hudi-hms-spark-local-v0.1 — MySQL 8.0 chosen for HMS
      JDBC driver compatibility. Do not use the floating `mysql:latest` tag.

  - id: hive-metastore
    name: Hive Metastore (standalone)
    role: metastore
    image: bitsondatadev/hive-metastore
    tag: "latest"
    registry_url: https://hub.docker.com/r/bitsondatadev/hive-metastore/tags
    upstream_url: https://github.com/bitsondatadev/docker-hive-metastore
    notes: |
      NEEDS SHA PINNING before pilot-stable promotion. `latest` is
      acceptable in the candidate window only because there is no
      installable combination yet. Same caveat as in the hudi-hms
      candidate. Both Spark (writer) and Trino (reader) point at this
      single HMS instance over Thrift on port 9083 — HMS is the
      catalog source of truth for the Delta tables in this stack.

  - id: spark-delta
    name: Apache Spark + Delta Lake (Studio-built)
    role: processing
    image: lakehousestudio/spark-delta
    tag: "3.5.5_3.3.2"
    registry_url: https://hub.docker.com/r/lakehousestudio/spark-delta/tags
    upstream_url: https://docs.delta.io/latest/index.html
    notes: |
      NOT YET BUILT — see status_notes GATE 1. The image must be baked
      by Studio's release pipeline from `scripts/images/Dockerfile.spark-delta`
      (followup work — Dockerfile not yet committed). Pinned tag scheme
      mirrors the upstream tabulario convention: `{spark}_{delta}` so
      `3.5.0_3.2.1` means Spark 3.5.0 + Delta Lake 3.2.1. Delta 3.2 is
      the stable line known to interoperate cleanly with Trino's
      delta-lake connector through an HMS-backed catalog.

  - id: trino
    name: Trino
    role: processing
    image: trinodb/trino
    tag: "481"
    registry_url: https://hub.docker.com/r/trinodb/trino/tags
    upstream_url: https://trino.io/docs/current/connector/delta-lake.html
    notes: |
      Trino 475 picked for the same reasons as udp-trino-local-v0.1
      and iceberg-nessie-trino-local-v0.1: in-market long enough for
      delta-lake connector + MinIO bugs to surface, and numerically
      pinned so the lock contract holds against the moving `latest`
      tag. Trino's delta-lake connector connects to HMS over Thrift —
      `hive.metastore.uri=thrift://hive-metastore:9083` plus
      `delta.security=allow-all` (typical local-dev posture). DO NOT
      use `trinodb/trino:latest` here.

# ---------------------------------------------------------------------------
# Compatibility constraints — pairs that MUST hold for this stack to work.
# CANDIDATE: rules below are grounded in upstream docs (docs.delta.io,
# trino.io, hive.apache.org) but `verified` strings are documentation
# citations, NOT runtime evidence. Bumping any tag in this lock requires
# re-checking every constraint against the new combination.
# ---------------------------------------------------------------------------
constraints:
  - between: [hive-metastore, postgres]
    rule: "Hive Metastore must connect to a running Postgres BEFORE its schema-init step; HMS dies on startup if the JDBC connection refuses on first try"
    verified: "Per bitsondatadev/docker-hive-metastore README (fetched 2026-05-17): `depends_on: { postgres: { condition: service_healthy } }` is the documented pattern. Same constraint as hudi-hms-spark-local-v0.1."

  - between: [spark-delta, hive-metastore]
    rule: "Spark+Delta must register its tables with HMS via the Delta `_delta_log → external table` pattern: `CREATE TABLE … USING DELTA LOCATION 's3a://datalake/warehouse/…'` against a SparkSession configured with the Hive metastore catalog implementation"
    verified: "Per docs.delta.io/latest/delta-spark.html (fetched 2026-05-17): Delta tables register in HMS as external tables whose LOCATION is the Delta table root. The Studio-built spark-delta image's `spark-defaults.conf` must set `spark.sql.catalogImplementation=hive` and `spark.hadoop.hive.metastore.uris=thrift://hive-metastore:9083`."

  - between: [trino, hive-metastore]
    rule: "Trino's delta-lake connector requires `hive.metastore.uri=thrift://hive-metastore:9083` (same HMS Spark wrote to) and must be configured with the same s3.* properties as the iceberg connector in udp-trino-local-v0.1 because the delta-lake connector reuses Trino's native S3 filesystem"
    verified: "Per trino.io/docs/current/connector/delta-lake.html (fetched 2026-05-17): the delta-lake connector requires a Hive Metastore reference and reads through Trino's native S3 filesystem stack — the same fs.s3.enabled + s3.path-style-access + s3.endpoint properties as the iceberg connector apply."

  - between: [spark-delta, trino, hive-metastore]
    rule: "Triangle dependency: Spark writes Delta to MinIO AND registers in HMS → Trino reads HMS → Trino's delta-lake connector reads the Delta log + data from MinIO. If Spark forgets the HMS sync, Trino sees no table. If Trino's HMS URI differs from Spark's, Trino sees a different (empty) catalog."
    verified: "Composition of the two constraints above. Bootstrap (TBD) must wire both engines to the same HMS Thrift URI and the same warehouse path."

  - between: [spark-delta, minio]
    rule: "Spark+Delta must use path-style S3 addressing (spark.hadoop.fs.s3a.path.style.access=true) and the s3a endpoint must point at MinIO (spark.hadoop.fs.s3a.endpoint=http://minio:9000)"
    verified: "Same constraint as udp-local-v0.2 — MinIO on plain HTTP does not implement virtual-hosted-style bucket addressing. The Studio-built spark-delta image's `spark-defaults.conf` must ship these settings."

  - between: [trino, minio]
    rule: "Trino's delta-lake connector must enable fs.s3.enabled=true AND s3.path-style-access=true AND set s3.endpoint=http://minio:9000 — identical to the iceberg-connector contract in udp-trino-local-v0.1"
    verified: "Per trino.io/docs/current/object-storage/file-system-s3.html (fetched 2026-05-17): MinIO is the documented S3-compatible target; path-style is required on HTTP endpoints. Same constraint as udp-trino-local-v0.1's trino↔minio rule."

  - between: [trino, minio]
    rule: "Trino's delta-lake catalog must carry s3.aws-access-key + s3.aws-secret-key matching the MinIO root credentials, otherwise SELECT through the connector fails at Parquet read with a 403 from MinIO"
    verified: "Same constraint as udp-trino-local-v0.1's trino↔minio credentials rule. The bootstrap (TBD) must inject the values from AWS_ACCESS_KEY_ID / AWS_SECRET_ACCESS_KEY into the delta-lake catalog properties."

  - between: [spark-delta, trino]
    rule: "TABLE FORMAT ⇄ ENGINE protocol-version marriage: Delta Lake tables carry a (minReaderVersion, minWriterVersion) protocol pair in the `_delta_log/` metadata. Delta 3.2.x defaults writes to (1,2) but optional features (deletion vectors, column mapping, identity columns) bump the reader/writer floor. Trino 475's delta-lake connector reads protocol versions up through (3,7) but does NOT support all writer features — specifically deletion vectors require Trino 442+ and column-mapping=name requires Trino 380+. Bumping Delta beyond 3.2 may bring in protocol features Trino 475 can't read."
    verified: "source review 2026-05-17 — docs.delta.io/3.2.0/versioning.html for the protocol matrix; trino.io/docs/current/connector/delta-lake.html for Trino's supported protocol versions."
    evidence: "TBD — needs install run"
    known_issue: "If a Spark writer ever enables `delta.enableDeletionVectors=true` on a table, Trino versions before 442 silently return wrong results (rows that should be deleted appear in SELECT). Trino 475 handles this correctly, but any future Trino downgrade in this lock breaks the marriage."

  - between: [spark-delta]
    rule: "JAR BUNDLE PARITY: the Delta jar baked into `lakehousestudio/spark-delta:3.5.0_3.2.1` MUST be the `delta-spark_2.12-3.2.1.jar` + `delta-storage-3.2.1.jar` pair compiled against Spark 3.5's API. Mixing Delta 3.2 jars with Spark 3.4 or 3.6 produces NoSuchMethodError at first write. The Studio image-build (TBD Dockerfile) must pin both jars by exact version + Scala-binary suffix (2.12)."
    verified: "source review 2026-05-17 — docs.delta.io/3.2.0/releases.html lists supported Spark versions; tabulario-style image build patterns pin jars by full name. Same parity discipline as the hudi candidate."
    evidence: "TBD — needs install run"

  - between: [spark-delta, hive-metastore]
    rule: "CATALOG ⇄ PROCESSING ENGINE configuration: Spark+Delta must set `spark.sql.extensions=io.delta.sql.DeltaSparkSessionExtension` AND `spark.sql.catalog.spark_catalog=org.apache.spark.sql.delta.catalog.DeltaCatalog` so that `CREATE TABLE … USING DELTA` registers in HMS as a Delta external table with the right table-type marker. Without these, CREATE TABLE produces a vanilla Parquet entry in HMS and Trino's delta-lake connector won't recognize the table as Delta — it'll be visible but unreadable through the delta-lake catalog."
    verified: "source review 2026-05-17 — docs.delta.io/3.2.0/delta-spark.html#configure-sparksession + #set-up-apache-spark-with-delta-lake. The Studio image's `spark-defaults.conf` MUST ship both properties."
    evidence: "TBD — needs install run"

  - between: [trino, hive-metastore]
    rule: "CATALOG ⇄ SERVING ENGINE wire compatibility: Trino's delta-lake connector requires HMS Thrift schema in the 3.x range (same as the iceberg connector when used with hive.metastore=thrift). HMS 4.x has Thrift schema changes Trino's connector does not yet handle — pinning bitsondatadev/hive-metastore (3.x line) is therefore a marriage requirement, not a preference."
    verified: "source review 2026-05-17 — trino.io/docs/current/connector/delta-lake.html documents HMS Thrift as the catalog source; Trino's metastore client is the same code path as the iceberg connector, which is known to break on HMS 4.x (see hudi-hms candidate's incompatible[] for the parallel observation)."
    evidence: "TBD — needs install run"

  - between: [trino, hive-metastore, spark-delta]
    rule: "TLS/AUTH boundary: HMS Thrift on port 9083 carries NO encryption and NO authentication in this stack — both Spark (writer) and Trino (reader) plain-TCP connect inside the Docker network. This is localhost-only trust posture. Either engine published to a non-loopback host without adding SASL+TLS to HMS breaks the security claim of this lock — but the lock does not cover the authenticated HMS variant."
    verified: "source review 2026-05-17 — bitsondatadev/docker-hive-metastore default config has no SASL. Compose bind (TBD) MUST keep 9083 internal-only."
    evidence: "TBD — needs install run"

  - between: [hive-metastore, postgres]
    rule: "BACKING DB ⇄ CATALOG driver/schema match: identical constraint to the hudi-hms-spark candidate — bitsondatadev/hive-metastore bundles a Postgres JDBC driver in the 42.x line, verified against MySQL 8.0. Pinning mysql:8.0 is the safe marriage; postgres:16 is not yet verified."
    verified: "source review 2026-05-17 — same as the hudi-hms candidate's hive-metastore↔postgres constraint. Cross-referenced for traceability."
    evidence: "TBD — needs install run"

  - between: [spark-delta, trino, minio]
    rule: "ENGINE ⇄ ENGINE PARITY (warehouse path agreement): both Spark+Delta and Trino's delta-lake connector must agree on the warehouse-prefix convention. If Spark writes `CREATE TABLE … LOCATION 's3a://datalake/warehouse/foo'` but Trino's delta-lake catalog is configured with a different `delta.warehouse` default, CREATE-via-Spark works but CREATE-via-Trino lands in a different prefix and the two engines see disjoint catalogs. Bootstrap (TBD) must inject a single shared warehouse path via env var consumed by both engines."
    verified: "source review 2026-05-17 — Trino's delta-lake connector docs note `delta.warehouse` is optional but should match the Spark side when both engines write. Same shape as the iceberg-nessie-trino warehouse-parity constraint."
    evidence: "TBD — needs install run"
    known_issue: "Silent divergence — no error, just disjoint catalogs. Bootstrap pre-flight should assert the single shared warehouse env var is in scope for both engines."

  - between: [spark-delta, trino, hive-metastore, postgres, minio]
    rule: "PORT BINDING uniqueness for the recommended overlay set: minio:9000+9001, hive-metastore-thrift:9083, postgres:5432, trino:8080, jupyter:8888. This stack's port set overlaps with hudi-hms-spark-local-v0.1 (both use 9083 + 5432 + 9000/9001) — running both stacks simultaneously requires different compose project names AND a port-collision pre-flight, or the second `docker compose up` will fail with `port already allocated`. No collision with udp-local-v0.2 (which uses 8181, 8030, 9030) outside of MinIO."
    verified: "source review 2026-05-17 — ports_required list in this lock + hudi-hms candidate's list. Host bootstrap (TBD) must pre-flight."
    evidence: "TBD — needs install run"

  - between: [hive-metastore, postgres]
    rule: "VOLUME MOUNT contract: Postgres MUST mount a named volume for `/var/lib/postgresql/data` (same as the hudi-hms candidate). HMS schema-init runs exactly once per fresh data volume; losing the volume between restarts means HMS re-initializes, which IS idempotent in 3.x but invalidates every Delta-table pointer the previous schema held. Trino then sees no tables; Spark writes succeed against new HMS but the OLD tables on MinIO are unreferenced."
    verified: "source review 2026-05-17 — mysql:8.0 documents `/var/lib/postgresql/data` as PGDATA. Same constraint as the hudi-hms candidate, restated for traceability."
    evidence: "TBD — needs install run"

  - between: [spark-delta, trino]
    rule: "ENGINE ⇄ ENGINE PARITY (concurrent-writer safety): Delta Lake's optimistic concurrency control is enforced at the `_delta_log/` level — both Spark and Trino write delta-lake commits as `00000000000000000001.json` style files. Trino's delta-lake connector supports INSERT but NOT MERGE INTO at Trino 475's release time; mixed Spark-MERGE + Trino-INSERT on the same table is allowed but Spark must remain the schema-evolution authority (Trino INSERT does not bump schema versions)."
    verified: "source review 2026-05-17 — docs.delta.io/3.2.0/concurrency-control.html + trino.io/docs/current/connector/delta-lake.html#sql-support. The supported-statements section explicitly lists what Trino can and cannot do."
    evidence: "TBD — needs install run"
    known_issue: "If a future Trino bump enables MERGE INTO for delta-lake, this constraint changes — re-verify the concurrent-writer story with the new release before bumping."

# ---------------------------------------------------------------------------
# Host requirements — Spark on the JVM plus HMS on its own JVM plus
# Postgres plus Trino's 3-4 GB heap budget pushes this floor in line
# with the udp-trino candidate.
# ---------------------------------------------------------------------------
host_requirements:
  docker_min: "28.0"
  docker_compose_min: "v2.30"
  bash_min: "5.0"
  os_verified: []  # CANDIDATE: nothing verified yet
  os_unverified_but_likely_works:
    - "Ubuntu 22.04+ (Linux)"
    - "Windows 11 + Docker Desktop"
    - "macOS + Docker Desktop"
  ram_min_gb: 14
  ram_recommended_gb: 20
  disk_min_gb: 50
  ports_required: [9000, 9001, 9083, 5432, 8080, 8888]

# ---------------------------------------------------------------------------
# Evidence — per-attempt verification records. EMPTY for candidate stacks.
# Append a record after every install attempt (including failed ones) so
# the failure mode is documented for the next contributor to pick up.
# ---------------------------------------------------------------------------
evidence:
  - id: "2026-07-17-srv1541349-c8ea44aa83"
    timestamp: "2026-07-17T11:20:40.093101+00:00"
    operator: root
    install_id: "inst_c8ea44aa83"
    host:
      os: "Linux-5.15.0-177-generic-x86_64-with-glibc2.35"
      docker: "29.5.0"
      ram_gb: 31.3
      cpu_cores: 8
    via: "install_harness.py on Finalert VPS srv1541349"
    result:
      prepare: passed
      clone: passed
      env: passed
      doctor: passed
      start: passed
      bootstrap: passed
      smoke: passed
      finalize: passed
    proof:
      - "all 8 pipeline steps passed (terminal state READY, 3m38s)"
      - "[delta-smoke] spark raw=5 curated=4; trino raw=5 curated=4 (row-count parity OK)"
      - "[etl-verify] PASSED — 1 format(s) x 3 pipelines, all >= 1000 rows"
    notes: "Certified after fixing the multi-format-refactor regression (commits c7f1472 + ab3e721): --packages hadoop-aws/delta + spark.sql.defaultCatalog=spark_catalog for the s3a/HMS write path, and removed the disabled Trino register_table calls (Spark saveAsTable already registers in HMS; Trino reads them directly)."

# ---------------------------------------------------------------------------
# Known-incompatible — combinations we know DO NOT work.
# ---------------------------------------------------------------------------
incompatible:
  - combination: ["spark-delta:3.5.0_3.2.1"]
    reason: "Image does not exist on any registry yet — `lakehousestudio/spark-delta` is a Studio-built image (GATE 1 in status_notes). Any install attempt will fail at `docker compose up` with a pull error until the bake pipeline ships."
    discovered: "2026-05-17"
    workaround: "Bake the image from `scripts/images/Dockerfile.spark-delta` (followup work) before attempting an install."

  - combination: [trino:latest]
    reason: "Floating `latest` tag changes whenever Trino ships. The lock-file contract requires a stable tag — use a numeric pin like `475`."
    discovered: "2026-05-17"
    workaround: "Pin to the numeric Trino tag that matches the lock (currently 475)."

  - combination: ["postgres:latest"]
    reason: "Postgres major-version bumps occasionally change pg_dump/pg_restore output formats and minor SQL behaviors the HMS schema-init expects. The lock-file contract requires a stable tag."
    discovered: "2026-05-17"
    workaround: "Pin to `mysql:8.0` (the locked tag) or bump explicitly with re-verification against HMS schema-init."

  - combination: ["hive-metastore:4.x", "trino:475 delta-lake connector"]
    reason: "Trino's delta-lake connector uses the same metastore client code path as the iceberg connector — both break on HMS 4.x Thrift schema changes (mirroring the hudi-hms candidate's HMS 3.x→4.x incompatibility). The supported HMS line for Trino's delta-lake connector at Trino 475 is HMS 3.x."
    discovered: "2026-05-17"
    workaround: "Stay on the bitsondatadev/hive-metastore image (Hive 3.x line). Re-evaluate when Trino ships HMS 4 support in the delta-lake connector."

  - combination: ["spark-delta:3.5.0_3.2.1 with delta.enableDeletionVectors=true", "trino:<442"]
    reason: "Delta deletion vectors require a reader implementation Trino did not have until 442. Trino versions before 442 silently return rows that should be soft-deleted — wrong answers, no error. This lock pins Trino 475 so the marriage holds, but downgrading Trino without re-verifying breaks correctness."
    discovered: "2026-05-17"
    workaround: "Keep Trino at 475 or any future numeric tag, AND/OR set `delta.enableDeletionVectors=false` on tables that any pre-442 reader must consume."

  - combination: ["spark-delta:3.5.0_3.2.1 + hudi 0.15 + iceberg in same warehouse"]
    reason: "Three table formats in one warehouse prefix produce a catalog of mixed-format tables. Each engine reads only its own format; the others appear as broken tables (file-listing succeeds, type-validation fails). The catalog is technically the same HMS, but the data is not interoperable."
    discovered: "2026-05-17"
    workaround: "One table format per stack. This lock is Delta-only; the hudi-* stack is Hudi-only; the iceberg-* stacks are Iceberg-only. Cross-stack interop requires a translation layer (e.g., XTable/Delta UniForm) not covered by this lock."

  - combination: ["spark-delta:3.5.0_3.2.1 without DeltaSparkSessionExtension"]
    reason: "Without `spark.sql.extensions=io.delta.sql.DeltaSparkSessionExtension`, CREATE TABLE … USING DELTA falls back to vanilla DataSource v1 path and the table registers in HMS as a generic Parquet table without Delta's table-type marker. Trino's delta-lake connector then refuses to read the table (treats it as non-Delta) and Trino's iceberg connector won't read it either. Silent format-mismatch is the failure mode."
    discovered: "2026-05-17"
    workaround: "Studio image's spark-defaults.conf must bake both `spark.sql.extensions=io.delta.sql.DeltaSparkSessionExtension` and `spark.sql.catalog.spark_catalog=org.apache.spark.sql.delta.catalog.DeltaCatalog`. Bootstrap (TBD) must pre-flight that these are present."
