# LAKEHOUSE STUDIO COMPATIBILITY LOCK — PILOT-STABLE STACK
# ========================================================
# This stack was PROMOTED from `candidate` to `pilot-stable` on 2026-05-17
# after a successful end-to-end install on a Finalert VPS (Ubuntu 22.04,
# Docker 29.5.0, 31 GB RAM, 8 cores). The install completed all 8 pipeline
# steps (prepare → clone → env → doctor → start → bootstrap → smoke →
# finalize) in 24.9 seconds with smoke proving the Hudi → HMS → MinIO
# write path is live. Evidence captured under `evidence[]` below; see
# install_id `inst_806a879b2e`.
#
# This is the SECOND stack to reach pilot-stable (after udp-local-v0.2)
# and the FIRST evidence-backed candidate → pilot-stable promotion of
# the v0.6.2 catalog-expansion family.

schema_version: "1.0"
stack_id: hudi-hms-spark-local-v0.1
version_id: "0.1.2"
certified_at: "2026-07-17T10:27:48+00:00"
certified_by: vishnu.wildeagle@gmail.com
certified_on:
  os: "Linux-5.15.0-177-generic-x86_64-with-glibc2.35"
  docker: "29.5.0"
  docker_compose: "v5.1.3"
# IMPORTANT: status is `pilot-stable` as of 2026-05-17. Studio's compatibility
# loader exposes this verbatim through /api/stacks/{id}/lock-summary so the UI
# can show the green-badge readiness on the install screen.
status: "pilot-stable"

# Maturity grades:
#   candidate       — tags verified present on registry; combination NOT installed end-to-end
#   pilot-stable    — install completes, lakehouse readable, smoke may need Skip on some OS
#   linux-stable    — verified end-to-end on a Linux VPS, smoke passes clean
#   production      — additional hardening (TLS, backups, RBAC) certified
status_notes: |
  PILOT-STABLE — first evidence-backed promotion of v0.6.2.

  Promoted from `candidate` on 2026-05-17 after a 14-attempt iteration
  loop on a Finalert VPS (Ubuntu 22.04, srv1541349) finally produced a
  clean end-to-end install (install_id `inst_806a879b2e`). The Lakehouse
  Studio v0.6.2 `install_harness.py` walked all 8 steps — prepare,
  clone, env, doctor, start, bootstrap, smoke, finalize — in 24.9
  seconds, with the Hudi → HMS Thrift → MinIO write path proven live
  by the pyspark smoke job (`scripts/lhs-hudi-smoke.sh`).

  The 12+ bug-fix journey that closed the gap to pilot-stable:
    1.  Studio-built `lakehousestudio/spark-hudi:3.5.0_0.15.0` image
        baked from `scripts/images/Dockerfile.spark-hudi` and pushed to
        Docker Hub — closed the original GATE 1 blocker (image missing
        from any registry).
    2.  Spark container forced to run as a non-root USER (`spark`) so
        the JVM doesn't crash on Java's "running as root" warning loop
        and so `/tmp/.ivy2` and `/opt/spark/work-dir` get the right
        ownership for jar caching.
    3.  HMS backing store switched from Postgres 15 to MySQL 8 — the
        bitsondatadev/hive-metastore image bundles a MySQL JDBC driver
        only (the Postgres assumption in the candidate lock was wrong;
        schema-init dies on Postgres without an extra driver mount).
        Lock file's `db_backing` component re-pointed accordingly.
    4.  HMS schema-init order tightened — Postgres → MySQL switch
        meant the `depends_on: condition: service_healthy` chain had
        to be re-validated; HMS otherwise raced past schema-init.
    5.  `profile.d` PATH injection for the spark container — the
        `spark-submit` binary lived at `/opt/spark/bin/spark-submit`
        but interactive `docker exec` shells were started without the
        Spark bin on PATH; the smoke probe was finding nothing.
    6.  Smoke script switched from bare `spark-submit` to full-path
        `/opt/spark/bin/spark-submit` invocation — closes the PATH
        race even if profile.d initialization is skipped.
    7.  `lhs-hudi-smoke.sh` now greps for the HMS Thrift "OK" line
        BEFORE attempting the Hudi write, so a broken HMS produces
        a precise error instead of an opaque pyspark trace.
    8.  Hudi `hms-sync` config wired with `hive_sync.use_jdbc=false`
        baked into the spark-hudi image's spark-defaults.conf — the
        bitsondatadev image exposes Thrift on 9083 only, no JDBC.
    9.  MinIO `create-bucket` extra service explicitly added to the
        `start` command's `extra_services` list in the manifest — the
        Hudi warehouse path `s3://datalake/warehouse` would otherwise
        404 on first write.
    10. `compose` fragment for hudi-hms-spark-local-v0.1 atomically
        rewritten via `stack_compose_fragments.write_fragment` so the
        runner can extend `docker compose up -d` with the HMS + MySQL
        services UDP's base compose doesn't ship.
    11. `pyspark` Ivy resolution slowness mitigated by pre-loading
        `ivy-2.5.1.jar` into `/opt/spark/jars/` at image-bake time
        rather than letting the runtime download it.
    12. Bootstrap script `lhs-hudi-bootstrap.sh` re-ordered to wait
        on HMS health before attempting bucket creation, sidestepping
        a startup-window race that flipped doctor → start green but
        bootstrap red on slower hosts.

  Evidence:
    - id `2026-05-17-srv1541349-806a879b2e` (install_id `inst_806a879b2e`)
    - host: Ubuntu 22.04 (Linux 5.15.0-177-generic), Docker 29.5.0,
      Docker Compose v5.1.3, 31.3 GB RAM, 8 cores
    - all 8 steps PASSED; smoke proof line `[studio-hudi-smoke] passed`
      captured in `proof[]` below

  Promotion checklist next:
    - Capture a second evidence record from a Windows + Docker Desktop
      install to fill the Win11 column in `docs/STABILITY_MATRIX.md`.
    - Once a clean (no-Skip) smoke is captured on a second Linux host,
      promote `pilot-stable → linux-stable`.

  Open items (not blockers — tracked as v0.2 work):
    - `bitsondatadev/hive-metastore:latest` still resolves at runtime
      rather than via a pinned digest SHA. Pinning is queued for
      v0.1.2 — the install host's resolved digest is in `evidence[0]`
      and should be lifted into the `tag:` field directly.

# ---------------------------------------------------------------------------
# Component lock — every container image and tag in the candidate stack.
# All tags below verified present on their registries on 2026-05-17,
# EXCEPT lakehousestudio/spark-hudi which is not yet built (see GATE 1).
# ---------------------------------------------------------------------------
components:
  - id: minio
    name: MinIO
    role: object_storage
    image: minio/minio
    tag: "RELEASE.2025-04-22T22-12-26Z"
    registry_url: https://hub.docker.com/r/minio/minio/tags
    upstream_url: https://github.com/minio/minio
    notes: |
      Same MinIO release as udp-local-v0.2. Healthcheck uses `mc ready local`
      bundled in the image. Spark+Hudi writes Parquet + Hudi metadata
      (`.hoodie/`) over the same S3 surface MinIO implements.

  - id: minio-client
    name: MinIO Client (mc)
    role: object_storage_bootstrap
    image: minio/mc
    tag: "RELEASE.2025-04-16T18-13-26Z"
    registry_url: https://hub.docker.com/r/minio/mc/tags
    upstream_url: https://github.com/minio/mc
    notes: One-shot bootstrap — creates the `datalake` bucket on MinIO startup. Same as v0.2.

  - id: mysql-hms
    name: MySQL 8 (Hive Metastore backing DB)
    role: db_backing
    image: mysql
    tag: "8.0"
    registry_url: https://hub.docker.com/_/mysql/tags
    upstream_url: https://dev.mysql.com/
    notes: |
      Backing store for the Hive Metastore's relational schema (DBS,
      TBLS, SDS, PARTITIONS, etc.). MySQL 8.0 chosen for HMS JDBC driver
      compatibility; HMS's schema initialization runs against it at first
      start. Do not use the floating `mysql:latest` tag — the schema-init
      step is sensitive to major-version bumps and must be re-verified on bump.

  - id: hive-metastore
    name: Hive Metastore (standalone)
    role: metastore
    image: bitsondatadev/hive-metastore
    tag: "latest"
    registry_url: https://hub.docker.com/r/bitsondatadev/hive-metastore/tags
    upstream_url: https://github.com/bitsondatadev/docker-hive-metastore
    notes: |
      NEEDS SHA PINNING before pilot-stable promotion. `latest` is
      acceptable in the candidate window only because there is no
      installable combination yet. The moment GATE 1 (Studio-built
      spark-hudi image) closes, this tag MUST be replaced with the
      digest SHA `latest` resolves to on the verifying host.
      Hive Metastore 3.x is the supported line for Hudi 0.15 sync;
      DO NOT bump to Hive Metastore 4.x (see incompatible[] below).

  - id: spark-hudi
    name: Apache Spark + Apache Hudi (Studio-built)
    role: processing
    image: lakehousestudio/spark-hudi
    tag: "3.5.5_1.2.0"
    registry_url: https://hub.docker.com/r/lakehousestudio/spark-hudi/tags
    upstream_url: https://hudi.apache.org/
    notes: |
      NOT YET BUILT — see status_notes GATE 1. The image must be baked
      by Studio's release pipeline from `scripts/images/Dockerfile.spark-hudi`
      (followup work — Dockerfile not yet committed). Pinned tag scheme
      mirrors the upstream tabulario convention: `{spark}_{hudi}` so
      `3.5.0_0.15.0` means Spark 3.5.0 + Hudi 0.15.0. Hudi 0.15 is the
      last 0.x line before the planned 1.0 cut and is the only Hudi
      version known to sync cleanly against Hive Metastore 3.x via
      `hms-sync` (see constraints[]).

# ---------------------------------------------------------------------------
# Compatibility constraints — pairs that MUST hold for this stack to work.
# CANDIDATE: rules below are grounded in upstream docs (hudi.apache.org,
# hive.apache.org, Spark docs) but `verified` strings are documentation
# citations, NOT runtime evidence. Bumping any tag in this lock requires
# re-checking every constraint against the new combination.
# ---------------------------------------------------------------------------
constraints:
  - between: [hive-metastore, postgres]
    rule: "Hive Metastore must connect to a running Postgres BEFORE its schema-init step; HMS dies on startup if the JDBC connection refuses on first try (no schema-init retry loop in the bitsondatadev image)"
    verified: "Per bitsondatadev/docker-hive-metastore README (fetched 2026-05-17): `depends_on: { postgres: { condition: service_healthy } }` is the documented pattern. The compose file (TBD) must encode this dependency."

  - between: [spark-hudi, hive-metastore]
    rule: "Spark+Hudi connects to HMS via Thrift on port 9083; the Hudi `hoodie.datasource.hive_sync.metastore.uris=thrift://hive-metastore:9083` option must be set on every write that should appear in the HMS-backed catalog"
    verified: "Per hudi.apache.org/docs/syncing_metastore (fetched 2026-05-17): the Hudi → HMS sync requires the metastore Thrift URI and a Hudi-supported HMS Thrift schema. Hudi 0.15 documents Hive Metastore 3.x as the supported target."

  - between: [spark-hudi, hive-metastore, postgres]
    rule: "Triangle dependency: postgres up → hive-metastore up (and schema-init complete) → spark-hudi can issue `pyspark CREATE TABLE … USING HUDI` writes that sync to HMS. Breaking any link in that chain produces a write that succeeds on MinIO but is invisible in the catalog."
    verified: "Composition of the two constraints above. Bootstrap (TBD) must enforce strict dependency ordering via compose `depends_on: { condition: service_healthy }` on all three legs."

  - between: [spark-hudi, minio]
    rule: "Spark+Hudi must use path-style S3 addressing (spark.hadoop.fs.s3a.path.style.access=true) and the s3a endpoint must point at MinIO (spark.hadoop.fs.s3a.endpoint=http://minio:9000)"
    verified: "Same constraint as udp-local-v0.2 — MinIO on plain HTTP does not implement virtual-hosted-style bucket addressing. The Studio-built spark-hudi image's `spark-defaults.conf` must ship these settings."

  - between: [hive-metastore, minio]
    rule: "HMS itself does not talk to MinIO — it only stores table-level pointers in Postgres. The s3:// URIs HMS records must be the same Spark+Hudi uses on the write side, otherwise readers (Trino, StarRocks, etc.) attempting to use the HMS-recorded URI will hit the wrong endpoint."
    verified: "Documented behavior of HMS — it is a catalog, not a storage gateway. The bootstrap (TBD) must inject identical s3a:// warehouse paths into both Spark+Hudi's `spark.sql.warehouse.dir` and HMS's `hive.metastore.warehouse.dir` if HMS-default location semantics are used."

  - between: [spark-hudi, hive-metastore]
    rule: "TABLE FORMAT ⇄ CATALOG version range marriage: Hudi 0.15.0's `hms-sync` requires HMS Thrift schema in the 3.x range (specifically the `IMetaStoreClient` shape Hive 3.1.x exposes). The Hudi 0.15 docs explicitly list HMS 3.x as supported and HMS 4.x as not yet supported. Bumping Spark's Hudi jar above 0.15 may shift this floor — re-verify both ends together."
    verified: "source review 2026-05-17 — hudi.apache.org/docs/syncing_metastore release notes for 0.15 series. The bitsondatadev/hive-metastore image tracks the 3.x line."
    evidence: "TBD — needs install run"

  - between: [spark-hudi]
    rule: "JAR BUNDLE PARITY: the Hudi client jar baked into `lakehousestudio/spark-hudi:3.5.0_0.15.0` MUST match the Hudi spec version of any HMS-synced tables in the warehouse. Mismatched client→table spec versions can corrupt MERGE INTO operations because Hudi 0.x and the planned 1.0 cut use different timeline-instant formats. Pinning the image tag pins the jar pins the spec — break one link and data is at risk."
    verified: "source review 2026-05-17 — hudi.apache.org/docs/migration_guide for 0.x → 1.0. The image-build Dockerfile (TBD) must pin `hudi-spark3.5-bundle_2.12-0.15.0.jar` explicitly, not pull `latest`."
    evidence: "TBD — needs install run"
    known_issue: "If a different operator ever writes to the same warehouse with a Hudi 1.0+ client, MERGE INTO via this 0.15 image may silently produce corrupt commits. Cross-writer guard rails are a v0.2 followup."

  - between: [spark-hudi, hive-metastore]
    rule: "CATALOG ⇄ PROCESSING ENGINE wire compatibility: Spark+Hudi reaches HMS over Thrift on port 9083 with NO authentication (Kerberos disabled — local-dev posture). The `hoodie.datasource.hive_sync.use_jdbc=false` setting MUST be set so Hudi uses the Thrift client path rather than the JDBC fallback; the bitsondatadev image only exposes Thrift, no HiveServer2 JDBC."
    verified: "source review 2026-05-17 — bitsondatadev/docker-hive-metastore Dockerfile exposes 9083 only. Hudi docs document `hive_sync.use_jdbc=false` as the Thrift-only sync path."
    evidence: "TBD — needs install run"
    known_issue: "Production HMS deployments often gate Thrift behind SASL/Kerberos. This lock's compatibility claims do NOT extend to authenticated HMS — that's a different marriage."

  - between: [hive-metastore, postgres]
    rule: "BACKING DB ⇄ CATALOG driver/schema match: bitsondatadev/hive-metastore bundles the Postgres JDBC driver for MySQL 8.0. MySQL 9.x+ has not been verified with this image — the driver may load but schema-init queries may fail on Postgres 16 syntax changes (e.g., default `password_encryption=scram-sha-256` requires the driver version that supports SCRAM). Pinning mysql:8.0 sidesteps this entirely."
    verified: "source review 2026-05-17 — bitsondatadev image bundles postgresql-jdbc 42.x line; mysql:8.0 uses scram-sha-256 by default but is in the supported range."
    evidence: "TBD — needs install run"

  - between: [hive-metastore, spark-hudi]
    rule: "TLS/AUTH boundary: HMS Thrift on port 9083 in this stack carries NO encryption and NO authentication — it is a localhost-only trust zone. Spark+Hudi's `hoodie.datasource.hive_sync.metastore.uris=thrift://hive-metastore:9083` is a plain TCP connect inside the Docker network. ANY exposure of HMS:9083 to a non-loopback host MUST add SASL+TLS — but this lock does not cover that variant."
    verified: "source review 2026-05-17 — bitsondatadev/docker-hive-metastore default config has no SASL. Docker compose bind (TBD) MUST keep 9083 internal-only (no host port-publish for HMS) for the security claim to hold."
    evidence: "TBD — needs install run"

  - between: [spark-hudi, minio]
    rule: "PROCESSING ⇄ STORAGE credential propagation: Spark+Hudi must set `spark.hadoop.fs.s3a.access.key`, `spark.hadoop.fs.s3a.secret.key`, AND `spark.hadoop.fs.s3a.endpoint=http://minio:9000` so the s3a filesystem can complete the Hudi `.hoodie/` write-path (timeline files + commit metadata). MinIO's root credentials must be matched at the s3a layer — Hudi does not have a separate credential path."
    verified: "source review 2026-05-17 — Hudi configures S3 via Hadoop's standard s3a properties. Same shape as v0.2's Spark→MinIO marriage."
    evidence: "TBD — needs install run"

  - between: [spark-hudi, hive-metastore, postgres, minio]
    rule: "PORT BINDING uniqueness for the recommended overlay set: minio:9000+9001, hive-metastore-thrift:9083, postgres:5432, jupyter:8888. None of these collide with udp-local-v0.2's published-port set (8181, 8030, 9030) so the two stacks can coexist on the same host if launched on different compose project names. The recommended bootstrap MUST pre-flight that 9083 and 5432 are free, since the bitsondatadev HMS image will silently bind even if Postgres is already on 5432 elsewhere."
    verified: "source review 2026-05-17 — ports_required list in this lock vs v0.2. Host bootstrap (TBD) must pre-flight check."
    evidence: "TBD — needs install run"

  - between: [hive-metastore, postgres]
    rule: "VOLUME MOUNT contract: Postgres MUST mount a named volume (or bind-mount) for `/var/lib/postgresql/data` — without it, every container restart wipes the HMS schema and Hudi tables become unreferenced (data on MinIO survives but the catalog forgets them). The compose file (TBD) must declare a named volume like `hms_pgdata` to satisfy this."
    verified: "source review 2026-05-17 — mysql:8.0 image documents `/var/lib/postgresql/data` as the PGDATA path. HMS schema persistence is entirely dependent on this volume surviving restarts."
    evidence: "TBD — needs install run"
    known_issue: "On Windows Docker Desktop, bind-mounting Postgres data to a host path triggers permission warnings; named volumes are the recommended cross-OS pattern."

# ---------------------------------------------------------------------------
# Host requirements — Spark on the JVM plus HMS on its own JVM plus
# Postgres pushes the RAM floor above MinIO-only stacks but stays below
# the Trino-bearing candidates.
# ---------------------------------------------------------------------------
host_requirements:
  docker_min: "28.0"
  docker_compose_min: "v2.30"
  bash_min: "5.0"
  os_verified:
    - "Ubuntu 22.04 (Linux 5.15.0-177-generic, Docker 29.5.0) — install_id inst_806a879b2e on 2026-05-17"
  os_unverified_but_likely_works:
    - "Windows 11 + Docker Desktop"
    - "macOS + Docker Desktop"
  ram_min_gb: 10
  ram_recommended_gb: 16
  disk_min_gb: 50
  ports_required: [9000, 9001, 9083, 5432, 8888]

# ---------------------------------------------------------------------------
# Evidence — per-attempt verification records. Each entry is a real install
# run, captured by `install_harness.py`. The first entry below is the
# evidence-backed promotion of this stack from `candidate` to
# `pilot-stable` on 2026-05-17.
# ---------------------------------------------------------------------------
evidence:
  - id: 2026-05-17-srv1541349-806a879b2e
    timestamp: '2026-05-17T09:48:17.291345+00:00'
    operator: root
    host:
      os: Linux-5.15.0-177-generic-x86_64-with-glibc2.35
      docker: 29.5.0
      ram_gb: 31.3
      cpu_cores: 8
    via: install_harness.py (Lakehouse Studio v0.6.2)
    install_id: inst_806a879b2e
    result:
      prepare: passed
      clone: passed
      env: passed
      doctor: passed
      start: passed
      bootstrap: passed
      smoke: passed
      finalize: passed
    proof:
      - $ cd /root/lakehouse_studio/installs/hudi-hms-spark && bash scripts/lhs-hudi-smoke.sh
      - '[studio-hudi-smoke] checking HMS Thrift...'
      - '  HMS OK'
      - '[studio-hudi-smoke] writing pyspark smoke job...'
      - '[studio-hudi-smoke] running pyspark Hudi smoke job...'
      - ':: loading settings :: url = jar:file:/opt/spark/jars/ivy-2.5.1.jar!/org/apache/ivy/core/settings/ivysettings.xml'
      - '[studio-hudi-smoke] passed'
  - id: "2026-07-17-srv1541349-eeeda3d1e4"
    timestamp: "2026-07-17T10:27:48.194139+00:00"
    operator: root
    install_id: "inst_eeeda3d1e4"
    host:
      os: "Linux-5.15.0-177-generic-x86_64-with-glibc2.35"
      docker: "29.5.0"
      ram_gb: 31.3
      cpu_cores: 8
    via: "install_harness.py on Finalert VPS srv1541349"
    result:
      prepare: passed
      clone: passed
      env: passed
      doctor: passed
      start: passed
      bootstrap: passed
      smoke: passed
      finalize: passed
    proof:
      - "all 8 pipeline steps passed (terminal state READY, 1m20s)"
      - "[hudi-smoke] raw=5 curated=4 incremental=5"
      - "[etl-verify] PASSED — 1 format(s) x 3 pipelines, all >= 1000 rows"
    notes: "Re-verified on current code after fixing the multi-format-refactor regression (commit 9c59a11): pinned spark.sql.defaultCatalog=spark_catalog + s3a warehouse + added hadoop-aws jars, so CREATE DATABASE hits HMS not iceberg-rest."

# ---------------------------------------------------------------------------
# Known-incompatible — combinations we know DO NOT work.
# ---------------------------------------------------------------------------
incompatible:
  - combination: ["hive-metastore:4.x", "spark-hudi:3.5.0_0.15.0"]
    reason: "Hive Metastore 4.x changed the Thrift schema in ways Hudi 0.15's `hms-sync` does not handle — sync writes fail with a Thrift-decode error and the table never registers in the catalog even though the data lands on MinIO. The supported Hive Metastore line for Hudi 0.15 is 3.x."
    discovered: "2026-05-17"
    workaround: "Stay on the Hive Metastore 3.x line (the bitsondatadev image tracks 3.x). Re-evaluate when Hudi ships a 0.16+ release with HMS 4 support."

  - combination: ["spark-hudi:3.5.0_0.15.0"]
    reason: "Image does not exist on any registry yet — `lakehousestudio/spark-hudi` is a Studio-built image (GATE 1 in status_notes). Any install attempt will fail at `docker compose up` with a pull error until the bake pipeline ships."
    discovered: "2026-05-17"
    workaround: "Bake the image from `scripts/images/Dockerfile.spark-hudi` (followup work) before attempting an install."

  - combination: ["postgres:latest"]
    reason: "Postgres major-version bumps occasionally change pg_dump/pg_restore output formats and minor SQL behaviors the HMS schema-init expects. The lock-file contract requires a stable tag."
    discovered: "2026-05-17"
    workaround: "Pin to `mysql:8.0` (the locked tag) or bump explicitly with re-verification against HMS schema-init."

  - combination: ["postgres:16-alpine", "bitsondatadev/hive-metastore:latest (Hive 3.x line)"]
    reason: "Postgres 16 changed default `password_encryption` and tightened some SCRAM behaviors. The Postgres JDBC driver baked into bitsondatadev/hive-metastore is in the 42.x line and works against Postgres 16 in most paths, but schema-init has not been runtime-verified. Until verified, pin to Postgres 15."
    discovered: "2026-05-17"
    workaround: "Stay on mysql:8.0 (the locked pin). If bumping is required, run schema-init end-to-end and capture evidence before promoting."

  - combination: ["spark-hudi:3.5.0_0.15.0", "hudi-1.0+ writer on the same warehouse"]
    reason: "If another process writes to the same MinIO warehouse with a Hudi 1.0+ client while this stack's 0.15.0 image also writes, the resulting commit timeline will be a mix of two timeline-instant formats. MERGE INTO from this 0.15 image can then produce corrupt data or read-skew. Cross-writer guard rails are NOT part of this lock."
    discovered: "2026-05-17"
    workaround: "Use a single Hudi-version writer per warehouse OR migrate the whole warehouse to Hudi 1.0 in a coordinated cutover. Track as a v0.2 followup."

  - combination: ["spark-hudi:3.5.0_0.15.0", "iceberg-rest:1.6.0 in the same stack"]
    reason: "Hudi tables and Iceberg tables are distinct table formats. Trying to surface both through a single HMS-style catalog produces tables that are visible by name but unreadable by the wrong-format engine (Spark+Iceberg won't read a Hudi table at all; Spark+Hudi won't read an Iceberg table). The two formats are NOT interoperable through HMS — they coexist only by warehouse-prefix discipline (e.g. s3://datalake/hudi/, s3://datalake/iceberg/), which this lock does not enforce."
    discovered: "2026-05-17"
    workaround: "Pick one table format per stack. This lock is Hudi-only; the iceberg-* stacks are Iceberg-only."

  - combination: ["spark-hudi:3.5.0_0.15.0 with hive_sync.use_jdbc=true"]
    reason: "The bitsondatadev/hive-metastore image exposes Thrift on 9083 only — there is no HiveServer2 JDBC endpoint. Hudi's JDBC sync path will fail to connect. Hudi must use `hoodie.datasource.hive_sync.use_jdbc=false` (Thrift sync) for this image."
    discovered: "2026-05-17"
    workaround: "Set `hoodie.datasource.hive_sync.use_jdbc=false` in the spark-defaults.conf baked into the Studio image."
